{
  "version": "5",
  "redirects": {
    "https://esm.sh/@selderee/plugin-htmlparser2@^0.11.0?target=denonext": "https://esm.sh/@selderee/plugin-htmlparser2@0.11.0?target=denonext",
    "https://esm.sh/@stablelib/base64@^1.0.0?target=denonext": "https://esm.sh/@stablelib/base64@1.0.1?target=denonext",
    "https://esm.sh/@types/html-to-text@~9.0.4/index.d.ts": "https://esm.sh/@types/html-to-text@9.0.4/index.d.ts",
    "https://esm.sh/@types/js-beautify@~1.14.3/index.d.ts": "https://esm.sh/@types/js-beautify@1.14.3/index.d.ts",
    "https://esm.sh/@types/prismjs@~1.26.5/index.d.ts": "https://esm.sh/@types/prismjs@1.26.5/index.d.ts",
    "https://esm.sh/@types/react-dom@~18.3.5/X-ZHJlYWN0QDE4LjIuMA/server.d.ts": "https://esm.sh/@types/react-dom@18.3.7/X-ZHJlYWN0QDE4LjIuMA/server.d.ts",
    "https://esm.sh/@types/react-dom@~18.3.5/server.d.ts": "https://esm.sh/@types/react-dom@18.3.7/server.d.ts",
    "https://esm.sh/@types/react@~18.2.79/index.d.ts": "https://esm.sh/@types/react@18.2.79/index.d.ts",
    "https://esm.sh/@types/react@~18.3.18/index.d.ts": "https://esm.sh/@types/react@18.3.23/index.d.ts",
    "https://esm.sh/@types/react@~18.3.18/jsx-runtime.d.ts": "https://esm.sh/@types/react@18.3.23/jsx-runtime.d.ts",
    "https://esm.sh/@types/react@~19.0.7/index.d.ts": "https://esm.sh/@types/react@19.0.14/index.d.ts",
    "https://esm.sh/deepmerge@^4.3.1?target=denonext": "https://esm.sh/deepmerge@4.3.1?target=denonext",
    "https://esm.sh/dom-serializer@^2.0.0?target=denonext": "https://esm.sh/dom-serializer@2.0.0?target=denonext",
    "https://esm.sh/domelementtype@^2.3.0?target=denonext": "https://esm.sh/domelementtype@2.3.0?target=denonext",
    "https://esm.sh/domhandler@^5.0.3?target=denonext": "https://esm.sh/domhandler@5.0.3?target=denonext",
    "https://esm.sh/domutils@^3.0.1?target=denonext": "https://esm.sh/domutils@3.2.2?target=denonext",
    "https://esm.sh/entities@^4.2.0?target=denonext": "https://esm.sh/entities@4.5.0?target=denonext",
    "https://esm.sh/entities@^4.4.0/lib/decode?target=denonext": "https://esm.sh/entities@4.5.0/lib/decode?target=denonext",
    "https://esm.sh/fast-sha256@^1.3.0?target=denonext": "https://esm.sh/fast-sha256@1.3.0?target=denonext",
    "https://esm.sh/htmlparser2@^8.0.2?target=denonext": "https://esm.sh/htmlparser2@8.0.2?target=denonext",
    "https://esm.sh/js-beautify@^1.14.11?target=denonext": "https://esm.sh/js-beautify@1.15.4?target=denonext",
    "https://esm.sh/leac@^0.6.0?target=denonext": "https://esm.sh/leac@0.6.0?target=denonext",
    "https://esm.sh/parseley@^0.12.0?target=denonext": "https://esm.sh/parseley@0.12.1?target=denonext",
    "https://esm.sh/peberminta@^0.9.0?target=denonext": "https://esm.sh/peberminta@0.9.0?target=denonext",
    "https://esm.sh/react-dom@^18.2.0/server?deps=react@18.2.0&target=denonext": "https://esm.sh/react-dom@18.3.1/server?deps=react@18.2.0&target=denonext",
    "https://esm.sh/react-dom@^18.2.0/server?target=denonext": "https://esm.sh/react-dom@18.3.1/server?target=denonext",
    "https://esm.sh/selderee@^0.11.0?target=denonext": "https://esm.sh/selderee@0.11.0?target=denonext"
  },
  "remote": {
    "https://deno.land/std@0.168.0/async/abortable.ts": "80b2ac399f142cc528f95a037a7d0e653296352d95c681e284533765961de409",
    "https://deno.land/std@0.168.0/async/deadline.ts": "2c2deb53c7c28ca1dda7a3ad81e70508b1ebc25db52559de6b8636c9278fd41f",
    "https://deno.land/std@0.168.0/async/debounce.ts": "60301ffb37e730cd2d6f9dadfd0ecb2a38857681bd7aaf6b0a106b06e5210a98",
    "https://deno.land/std@0.168.0/async/deferred.ts": "77d3f84255c3627f1cc88699d8472b664d7635990d5358c4351623e098e917d6",
    "https://deno.land/std@0.168.0/async/delay.ts": "5a9bfba8de38840308a7a33786a0155a7f6c1f7a859558ddcec5fe06e16daf57",
    "https://deno.land/std@0.168.0/async/mod.ts": "7809ad4bb223e40f5fdc043e5c7ca04e0e25eed35c32c3c32e28697c553fa6d9",
    "https://deno.land/std@0.168.0/async/mux_async_iterator.ts": "770a0ff26c59f8bbbda6b703a2235f04e379f73238e8d66a087edc68c2a2c35f",
    "https://deno.land/std@0.168.0/async/pool.ts": "6854d8cd675a74c73391c82005cbbe4cc58183bddcd1fbbd7c2bcda42b61cf69",
    "https://deno.land/std@0.168.0/async/retry.ts": "e8e5173623915bbc0ddc537698fa418cf875456c347eda1ed453528645b42e67",
    "https://deno.land/std@0.168.0/async/tee.ts": "3a47cc4e9a940904fd4341f0224907e199121c80b831faa5ec2b054c6d2eff5e",
    "https://deno.land/std@0.168.0/http/server.ts": "e99c1bee8a3f6571ee4cdeb2966efad465b8f6fe62bec1bdb59c1f007cc4d155",
    "https://esm.sh/@radix-ui/react-compose-refs@1.1.0/X-ZHJlYWN0QDE4LjIuMA/denonext/react-compose-refs.mjs": "7895b7949c7c8768778f625e76d107f7f670abe471229ef3c659c67921ffbbbb",
    "https://esm.sh/@radix-ui/react-slot@1.1.0/X-ZHJlYWN0QDE4LjIuMA/denonext/react-slot.mjs": "3625a79236897f2b31b574d75633a375a006831a5bbfe6bda728495659156f8b",
    "https://esm.sh/@react-email/body@0.0.9/X-ZHJlYWN0QDE4LjIuMA/denonext/body.mjs": "570ec4a16cb99545f0c38d765b425b61c6b863cf39115ecb2a996b6642c923db",
    "https://esm.sh/@react-email/button@0.0.16/X-ZHJlYWN0QDE4LjIuMA/denonext/button.mjs": "ac4e161232b9be8408d23e3a196c53ade25d91df7ea365c482db620a4159679e",
    "https://esm.sh/@react-email/code-block@0.0.6/X-ZHJlYWN0QDE4LjIuMA/denonext/code-block.mjs": "ac5649297ed8f59cbedeedd2d53f74bb1f5e5e8c19a99da82656cd90354f31b3",
    "https://esm.sh/@react-email/code-inline@0.0.3/X-ZHJlYWN0QDE4LjIuMA/denonext/code-inline.mjs": "edc9c42ed223ebd8bca331d717300230074cce73bc893b23742dd79e8150fef6",
    "https://esm.sh/@react-email/column@0.0.11/X-ZHJlYWN0QDE4LjIuMA/denonext/column.mjs": "c36b83cb77631b2b904eabe6575cdc5942469576ed7ac51553ce6c38ed785d99",
    "https://esm.sh/@react-email/components@0.0.22/X-ZHJlYWN0QDE4LjIuMA/denonext/components.mjs": "cf18e52f9994771634b1fb403b6f395dd0907450bc2bbc1a94ec3139669f5c44",
    "https://esm.sh/@react-email/components@0.0.22?deps=react@18.2.0": "24c57a883efbb50d98b5128d108ea9d5b2cadb193299cd9f93ce6a8d225438ec",
    "https://esm.sh/@react-email/container@0.0.13/X-ZHJlYWN0QDE4LjIuMA/denonext/container.mjs": "323613c7572f3d4a475a84d7a6fed857ba6b80dea8e7a7dff09258e9e2435df9",
    "https://esm.sh/@react-email/font@0.0.7/X-ZHJlYWN0QDE4LjIuMA/denonext/font.mjs": "f06841a4cab858b9c9ec221e40c9ff937ad440e956711c4d4760a0cb0352a722",
    "https://esm.sh/@react-email/head@0.0.10/X-ZHJlYWN0QDE4LjIuMA/denonext/head.mjs": "4525b010e12ceea47a4e8045023a352e0a5db88a1f9423cf75591e8a525f28c8",
    "https://esm.sh/@react-email/heading@0.0.13/X-ZHJlYWN0QDE4LjIuMA/denonext/heading.mjs": "b4850931ad82deef368c21a4f668625e383666fcd8b9b00e892a67e708086a38",
    "https://esm.sh/@react-email/hr@0.0.9/X-ZHJlYWN0QDE4LjIuMA/denonext/hr.mjs": "4e4a38af9f705c1b3cbaf041336ac7f6562e86b6b2145c709c925cacdd20866e",
    "https://esm.sh/@react-email/html@0.0.9/X-ZHJlYWN0QDE4LjIuMA/denonext/html.mjs": "7aec7245af7e6b8be22ec9120e413b5d5948e1bd4a89d6233046526e0ca0a0f2",
    "https://esm.sh/@react-email/img@0.0.9/X-ZHJlYWN0QDE4LjIuMA/denonext/img.mjs": "9aa76811a02554db16c1cbf1421f13f86524488ce8cf357d327e92addabc43a6",
    "https://esm.sh/@react-email/link@0.0.9/X-ZHJlYWN0QDE4LjIuMA/denonext/link.mjs": "7ab532270fb6cd70cef58afc03320206452374a89b29cfe4195abb2ec9ed383c",
    "https://esm.sh/@react-email/markdown@0.0.11/X-ZHJlYWN0QDE4LjIuMA/denonext/markdown.mjs": "57985998681854f408796a6a8c3caf276e922042d8cdc0c25dbfbe87dd35bdbb",
    "https://esm.sh/@react-email/preview@0.0.10/X-ZHJlYWN0QDE4LjIuMA/denonext/preview.mjs": "1ab9a3c83a65c9a0da28a8928a451e8b54e0c39706adbf22197daaa8e107252c",
    "https://esm.sh/@react-email/render@0.0.17/X-ZHJlYWN0QDE4LjIuMA/denonext/render.mjs": "0f4f96d7a979292bd357acecc80f8319a42f0924ffa9db814d1796faa3e0e587",
    "https://esm.sh/@react-email/render@0.0.17/denonext/render.mjs": "3dd48546beb1a8ed74ccf08a87ce22cc6855ec06bfc27c834a15ad7fa678416e",
    "https://esm.sh/@react-email/row@0.0.9/X-ZHJlYWN0QDE4LjIuMA/denonext/row.mjs": "385c03e776654a1bd34e0a14e8609e859d44051de110dca2d187d6e78e30a812",
    "https://esm.sh/@react-email/section@0.0.13/X-ZHJlYWN0QDE4LjIuMA/denonext/section.mjs": "277159d2a1ab3e7a4781aca84ff3ccd1c30f6c0893758bec0d4f1f8766de8415",
    "https://esm.sh/@react-email/tailwind@0.0.19/X-ZHJlYWN0QDE4LjIuMA/denonext/tailwind.mjs": "383e49f5d7a505d389018c091e55b16c7bdb95505d5d0dcf09f3ffc80b415f59",
    "https://esm.sh/@react-email/text@0.0.9/X-ZHJlYWN0QDE4LjIuMA/denonext/text.mjs": "60a1411a2828230c8dc51af602af873e10b45faf1396b093abbf5ab31218db7a",
    "https://esm.sh/@selderee/plugin-htmlparser2@0.11.0/denonext/plugin-htmlparser2.mjs": "bf215c5e29a046da720be2ba856316197ccd53291f42030e947f3df49d8a93e4",
    "https://esm.sh/@selderee/plugin-htmlparser2@0.11.0?target=denonext": "1b642b94e690ea7e82b72aab470d89548cc2e32fd6a1603afec94f67c800b7db",
    "https://esm.sh/@stablelib/base64@1.0.1/denonext/base64.mjs": "2cbea3c1a8073a74085853b877cbd554549c05cd2fcc86b173fb4e950ad5162c",
    "https://esm.sh/@stablelib/base64@1.0.1?target=denonext": "d6a21d947314ef3a453f3e0dc95c17b7c5d4ca4a29937f10eea783360a736c51",
    "https://esm.sh/deepmerge@4.3.1/denonext/deepmerge.mjs": "1f448aaa83a52514faecb2edc02eb766c9eb10b935b9ac4c1c2a877a0bb56b80",
    "https://esm.sh/deepmerge@4.3.1?target=denonext": "a8faef33b536441a2c63f8c967d160848eb1f898a8e83a35a9f0623ecd9063d3",
    "https://esm.sh/dom-serializer@2.0.0/denonext/dom-serializer.mjs": "545028b1d2c25bae5cbfe6930a28a2e4f7f05e1a0d09bbd0f3f5f9a33df8e3bd",
    "https://esm.sh/dom-serializer@2.0.0?target=denonext": "1626b2b8326556ea2816b5f9bf7522bc9581d545fd9ad117c066ab7a5ff1fb89",
    "https://esm.sh/domelementtype@2.3.0/denonext/domelementtype.mjs": "4f3b57348729cd517560139eb1969ca2fe9cc58c5188abe56e7336d5cb557cc0",
    "https://esm.sh/domelementtype@2.3.0?target=denonext": "2beb2a1e3d18892a9b00ef9528811b93f613a77d2b6fb25376ec0f109ac48a4f",
    "https://esm.sh/domhandler@5.0.3/denonext/domhandler.mjs": "3fb258a3d79bc9066a568bb6b09ce946d1fcfa2636a24ae80a4db220956e0873",
    "https://esm.sh/domhandler@5.0.3?target=denonext": "298fde249b7bff9e80667cfe643e7d4b390871b77b0928d086ce4c0b8fc570e2",
    "https://esm.sh/domutils@3.2.2/denonext/domutils.mjs": "f0b4e80e73810ed6f3d8c4e1822feef89208f32c88b6024a84328d02f5f77c40",
    "https://esm.sh/domutils@3.2.2?target=denonext": "7e487176c61dfd1dfdbcfd1195e7329a64f53421511561b69c570a6cff0a6167",
    "https://esm.sh/entities@4.5.0/denonext/entities.mjs": "4a9306e4021ae1079e83b5db26e1678c536fa69c8f2839802bc3cc43282cef08",
    "https://esm.sh/entities@4.5.0/denonext/lib/decode.mjs": "ef22e25f6bca668e40c4f7d4ecaebe2172a833a18372d55b54f997d0d8702dcd",
    "https://esm.sh/entities@4.5.0/denonext/lib/escape.mjs": "116aef78e5ff05efa6f79851b8b59da025ab88f5c25d2262f73df98f4d57c3fa",
    "https://esm.sh/entities@4.5.0/lib/decode?target=denonext": "488bc8401a0c85a76527d61a41352c5371904aeda57a136eb10ccfadcd2f7c8c",
    "https://esm.sh/entities@4.5.0?target=denonext": "f6bc559c07f40e94b3ef50f0b24e2666a2258db3b6697bf4da8fd2fc014ef7a1",
    "https://esm.sh/fast-sha256@1.3.0/denonext/fast-sha256.mjs": "7a13f9dac67165a69a042f7670635f248e14130113d3f35b8b5b92524ae3c009",
    "https://esm.sh/fast-sha256@1.3.0?target=denonext": "e1af1f94f63902ce191180a8ede5eda744b74f6abb885dae5f8b1fd9e13c8575",
    "https://esm.sh/html-to-text@9.0.5/denonext/html-to-text.mjs": "6d781c4b144d75deab4b13f72d449cf9a562e924568a57217b28bb459506d775",
    "https://esm.sh/htmlparser2@8.0.2/denonext/htmlparser2.mjs": "c0be0f190e625b82e88378875016f820a38d586e9c885d37e3dd2073a4f0fdfb",
    "https://esm.sh/htmlparser2@8.0.2/denonext/lib/esm/Parser.mjs": "d58fb2f87f8fead8e7ac03c544690908b4db21ab0513415b0cfe9311ab31aaa3",
    "https://esm.sh/htmlparser2@8.0.2/denonext/lib/esm/Tokenizer.mjs": "09109e601c7acd75b99c2a34e53e339a46301d9937e1495eaca8f9019a7b3040",
    "https://esm.sh/htmlparser2@8.0.2?target=denonext": "fd3edaa58a00e79f11b3510cc3930c9f5345486cdcc52c0afe24bbb36aece028",
    "https://esm.sh/js-beautify@1.15.4/denonext/js-beautify.mjs": "4186b65157e7198d792023c069e2d82dbcccf75911c9da35128289f16059daf1",
    "https://esm.sh/js-beautify@1.15.4?target=denonext": "e502ba1faece62eea942d95725ef270d8747dbbeb28f7ecbc0c7f98ef59656cf",
    "https://esm.sh/leac@0.6.0/denonext/leac.mjs": "e8c75e599987aa753dd83b68150eae015e87066834f78748e08b52a101d1730f",
    "https://esm.sh/leac@0.6.0?target=denonext": "49d9cd25ff3a0658f687f430fb60ae79811a6ba3db8f6d2d243274d789ff6013",
    "https://esm.sh/marked@7.0.4/denonext/marked.mjs": "06c0b9123e11219d4647e9bd406e07377832224dbb522588af6404ed319dffd6",
    "https://esm.sh/md-to-react-email@5.0.2/X-ZHJlYWN0QDE4LjIuMA/denonext/md-to-react-email.mjs": "26151efb8963d4bc303cd4c356506853d7c7eedbf69c72a750d5ab950579c335",
    "https://esm.sh/parseley@0.12.1/denonext/parseley.mjs": "adb641dd0790c5f80caccae1d12029aa5434498368eea27696e9e3d5dcd0b835",
    "https://esm.sh/parseley@0.12.1?target=denonext": "8169d6a6a0345226dc65fed2b195413c2bc863348afa61ce31f5bf4730299a1a",
    "https://esm.sh/peberminta@0.9.0/denonext/lib/util.mjs": "ab48ab5eead902341c9f2209db7881d58f9ad2eeac75d62b02bd8fc3c2b96df5",
    "https://esm.sh/peberminta@0.9.0/denonext/peberminta.mjs": "b9e30d34531689bfa87bdd584c19732de2b40a7fb9c87a8dd083b24ccce9199f",
    "https://esm.sh/peberminta@0.9.0?target=denonext": "021e477cef449a6078dec84f778954407b9a913315dc72e5c42eee18db590843",
    "https://esm.sh/prismjs@1.29.0/denonext/prismjs.mjs": "22ae3128203d6ca4793dae7e1728b8d7db21b54e373e9538cae7a61cce159630",
    "https://esm.sh/react-dom@18.3.1/X-ZHJlYWN0QDE4LjIuMA/denonext/server.mjs": "1bfb729a865f7417946f55f4f3779f6669f88c1157f81bb8b50467baa236b860",
    "https://esm.sh/react-dom@18.3.1/denonext/server.mjs": "1bfb729a865f7417946f55f4f3779f6669f88c1157f81bb8b50467baa236b860",
    "https://esm.sh/react-dom@18.3.1/server?deps=react@18.2.0&target=denonext": "346eba95b9b210a30e8d20a14116d589a16df3972b712b465bcd2450235e3de2",
    "https://esm.sh/react-dom@18.3.1/server?target=denonext": "12326a1fce03a039ba32fbc8ec4e6157e4270062c9081617cbbd4b924f52f97a",
    "https://esm.sh/react@18.2.0": "fed8aeb7d240bb42a2167c9c7c6e842e128c7630cbcb08c4d61c9c1926f89c75",
    "https://esm.sh/react@18.2.0/denonext/jsx-runtime.mjs": "82f5137c9609f7b42ca13787d97b8c2dc55cfb8ce378c788791c156087a13cb3",
    "https://esm.sh/react@18.2.0/denonext/react.mjs": "a986c2876dc2f73879f395e677dc34cb751f260e69db16364810655f884df173",
    "https://esm.sh/react@18.3.1/denonext/react.mjs": "fec8d5ab4ffa55c8b563abc31060c3dc0205699aff20beec4aba0311efdcc1a0",
    "https://esm.sh/resend@4.0.0": "304b5edd6b05ffb21d29b90b4b3afb4ed6b4ca1df4f7a4c9a177866f429ed88a",
    "https://esm.sh/resend@4.0.0/denonext/resend.mjs": "4c97805e4a015d0800ab4613fdc3e393a4492873946d52c4761b7c570e4649f9",
    "https://esm.sh/selderee@0.11.0/denonext/selderee.mjs": "7cd55f556e21df07f094dc04a9a3b19f56f4b0781c92aebfb5fbda7536fc167d",
    "https://esm.sh/selderee@0.11.0?target=denonext": "30cf39b226588a56ac350c58aa59db26137ad7a6c609f02689718bbfd389a618",
    "https://esm.sh/standardwebhooks@1.0.0": "b8cafcb7e9a890c14c0eb74cb093f36333000122e2276cc204818f6a680c8ba9",
    "https://esm.sh/standardwebhooks@1.0.0/denonext/standardwebhooks.mjs": "c0e4bbcd5a885307f4466a9c2783319e052ac95aea3daaf5af9e607ba378d1df"
  },
  "workspace": {
    "packageJson": {
      "dependencies": [
        "npm:@hookform/resolvers@^3.9.0",
        "npm:@radix-ui/react-avatar@^1.1.0",
        "npm:@radix-ui/react-dialog@^1.1.1",
        "npm:@radix-ui/react-dropdown-menu@^2.1.1",
        "npm:@radix-ui/react-hover-card@^1.1.1",
        "npm:@radix-ui/react-label@^2.1.0",
        "npm:@radix-ui/react-popover@^1.1.1",
        "npm:@radix-ui/react-radio-group@^1.2.2",
        "npm:@radix-ui/react-select@^2.1.1",
        "npm:@radix-ui/react-separator@^1.1.0",
        "npm:@radix-ui/react-slot@^1.1.0",
        "npm:@radix-ui/react-switch@^1.1.0",
        "npm:@radix-ui/react-toast@^1.2.1",
        "npm:@radix-ui/react-tooltip@^1.1.2",
        "npm:@react-email/components@0.0.28",
        "npm:@supabase/auth-helpers-nextjs@0.10",
        "npm:@supabase/ssr@0.4",
        "npm:@supabase/supabase-js@^2.44.2",
        "npm:@t3-oss/env-nextjs@~0.10.1",
        "npm:@tailwindcss/postcss@^4.1.11",
        "npm:@tanstack/react-query@^5.50.1",
        "npm:@trpc/client@11.0.0-rc.449",
        "npm:@trpc/next@11.0.0-rc.449",
        "npm:@trpc/react-query@11.0.0-rc.449",
        "npm:@trpc/server@11.0.0-rc.449",
        "npm:@types/node@20",
        "npm:@types/pg@^8.11.10",
        "npm:@types/react-dom@18",
        "npm:@types/react@18",
        "npm:@vercel/analytics@^1.5.0",
        "npm:class-variance-authority@0.7",
        "npm:clsx@^2.1.1",
        "npm:cmdk@1.0.0",
        "npm:date-fns@^3.6.0",
        "npm:dotenv@^16.4.7",
        "npm:drizzle-kit@~0.31.4",
        "npm:drizzle-orm@~0.44.2",
        "npm:drizzle-zod@~0.7.1",
        "npm:eslint-config-next@14.2.4",
        "npm:eslint@8",
        "npm:geist@^1.3.1",
        "npm:jose@^5.9.6",
        "npm:jsonwebtoken@^9.0.2",
        "npm:lucide-react@0.400",
        "npm:next-themes@0.3",
        "npm:next@14.2.4",
        "npm:pg@^8.13.1",
        "npm:postcss@8",
        "npm:postgres@^3.4.5",
        "npm:react-day-picker@^8.10.1",
        "npm:react-dom@^18.3.1",
        "npm:react-email@3.0.2",
        "npm:react-hook-form@^7.52.1",
        "npm:react@^18.3.1",
        "npm:recharts@^2.12.7",
        "npm:resend@4",
        "npm:server-only@^0.0.1",
        "npm:supabase@^2.31.8",
        "npm:superjson@^2.2.1",
        "npm:tailwind-merge@^2.3.0",
        "npm:tailwindcss-animate@^1.0.7",
        "npm:tailwindcss@^4.1.11",
        "npm:tsx@^4.19.2",
        "npm:typescript@5",
        "npm:use-debounce@^10.0.4",
        "npm:vitest@^2.0.5",
        "npm:zod@^3.23.8"
      ]
    }
  }
}
